
Microsoft Visual Studio Solution File, Format Version 12.00
# Visual Studio Version 17
VisualStudioVersion = 17.8.34330.188
MinimumVisualStudioVersion = 10.0.40219.1
Project("{9A19103F-16F7-4668-BE54-9A1E7A4F7556}") = "Prosperitopia.Web.Api", "Prosperitopia.Web.Api\Prosperitopia.Web.Api.csproj", "{A45325C6-D956-493C-A90E-5DF322768159}"
EndProject
Project("{9A19103F-16F7-4668-BE54-9A1E7A4F7556}") = "Prosperitopia.Tests", "Prosperitopia.Tests\Prosperitopia.Tests.csproj", "{77A6D84D-22E6-4ED0-A516-753E66429F37}"
EndProject
Project("{9A19103F-16F7-4668-BE54-9A1E7A4F7556}") = "Prosperitopia.Application", "Prosperitopia.Application\Prosperitopia.Application.csproj", "{AB8C313C-2A10-4920-A05D-4930ADCA853C}"
EndProject
Project("{9A19103F-16F7-4668-BE54-9A1E7A4F7556}") = "Prosperitopia.DataAccess", "Prosperitopia.DataAccess\Prosperitopia.DataAccess.csproj", "{3B8E9245-3139-4D5D-BFC2-16710300E1C5}"
EndProject
Project("{FAE04EC0-301F-11D3-BF4B-00C04F79EFBC}") = "Prosperitopia.Domain", "Prosperitopia.Domain\Prosperitopia.Domain.csproj", "{B03765E1-3EF9-4F07-BF8A-CFCB73CAF850}"
EndProject
Global
	GlobalSection(SolutionConfigurationPlatforms) = preSolution
		Debug|Any CPU = Debug|Any CPU
		Release|Any CPU = Release|Any CPU
	EndGlobalSection
	GlobalSection(ProjectConfigurationPlatforms) = postSolution
		{A45325C6-D956-493C-A90E-5DF322768159}.Debug|Any CPU.ActiveCfg = Debug|Any CPU
		{A45325C6-D956-493C-A90E-5DF322768159}.Debug|Any CPU.Build.0 = Debug|Any CPU
		{A45325C6-D956-493C-A90E-5DF322768159}.Release|Any CPU.ActiveCfg = Release|Any CPU
		{A45325C6-D956-493C-A90E-5DF322768159}.Release|Any CPU.Build.0 = Release|Any CPU
		{77A6D84D-22E6-4ED0-A516-753E66429F37}.Debug|Any CPU.ActiveCfg = Debug|Any CPU
		{77A6D84D-22E6-4ED0-A516-753E66429F37}.Debug|Any CPU.Build.0 = Debug|Any CPU
		{77A6D84D-22E6-4ED0-A516-753E66429F37}.Release|Any CPU.ActiveCfg = Release|Any CPU
		{77A6D84D-22E6-4ED0-A516-753E66429F37}.Release|Any CPU.Build.0 = Release|Any CPU
		{AB8C313C-2A10-4920-A05D-4930ADCA853C}.Debug|Any CPU.ActiveCfg = Debug|Any CPU
		{AB8C313C-2A10-4920-A05D-4930ADCA853C}.Debug|Any CPU.Build.0 = Debug|Any CPU
		{AB8C313C-2A10-4920-A05D-4930ADCA853C}.Release|Any CPU.ActiveCfg = Release|Any CPU
		{AB8C313C-2A10-4920-A05D-4930ADCA853C}.Release|Any CPU.Build.0 = Release|Any CPU
		{3B8E9245-3139-4D5D-BFC2-16710300E1C5}.Debug|Any CPU.ActiveCfg = Debug|Any CPU
		{3B8E9245-3139-4D5D-BFC2-16710300E1C5}.Debug|Any CPU.Build.0 = Debug|Any CPU
		{3B8E9245-3139-4D5D-BFC2-16710300E1C5}.Release|Any CPU.ActiveCfg = Release|Any CPU
		{3B8E9245-3139-4D5D-BFC2-16710300E1C5}.Release|Any CPU.Build.0 = Release|Any CPU
		{B03765E1-3EF9-4F07-BF8A-CFCB73CAF850}.Debug|Any CPU.ActiveCfg = Debug|Any CPU
		{B03765E1-3EF9-4F07-BF8A-CFCB73CAF850}.Debug|Any CPU.Build.0 = Debug|Any CPU
		{B03765E1-3EF9-4F07-BF8A-CFCB73CAF850}.Release|Any CPU.ActiveCfg = Release|Any CPU
		{B03765E1-3EF9-4F07-BF8A-CFCB73CAF850}.Release|Any CPU.Build.0 = Release|Any CPU
	EndGlobalSection
	GlobalSection(SolutionProperties) = preSolution
		HideSolutionNode = FALSE
	EndGlobalSection
	GlobalSection(ExtensibilityGlobals) = postSolution
		SolutionGuid = {291F4042-17FE-4155-AB05-C40078F0D362}
	EndGlobalSection
EndGlobal
